{
  "object": {
    "pins": [
      {
        "package": "KeychainSwift",
        "repositoryURL": "git@github.com:evgenyneu/keychain-swift.git",
        "state": {
          "branch": null,
          "revision": "96fb84f45a96630e7583903bd7e08cf095c7a7ef",
          "version": "19.0.0"
        }
      },
      {
        "package": "Kingfisher",
        "repositoryURL": "git@github.com:onevcat/Kingfisher.git",
        "state": {
          "branch": null,
          "revision": "56075f629bc3915e1bfa876d175df67e1a7cbe3c",
          "version": "5.13.2"
        }
      }
    ]
  },
  "version": 1
}
